
Microsoft Visual Studio Solution File, Format Version 12.00
# Visual Studio Version 17
VisualStudioVersion = 17.7.34202.233
MinimumVisualStudioVersion = 10.0.40219.1
Project("{FAE04EC0-301F-11D3-BF4B-00C04F79EFBC}") = "Semi_Lab", "Semi_Lab\Semi_Lab.csproj", "{CDB1B574-0E3E-4D97-BD17-402EB501CADB}"
EndProject
Global
	GlobalSection(SolutionConfigurationPlatforms) = preSolution
		Debug|Any CPU = Debug|Any CPU
		Release|Any CPU = Release|Any CPU
	EndGlobalSection
	GlobalSection(ProjectConfigurationPlatforms) = postSolution
		{CDB1B574-0E3E-4D97-BD17-402EB501CADB}.Debug|Any CPU.ActiveCfg = Debug|Any CPU
		{CDB1B574-0E3E-4D97-BD17-402EB501CADB}.Debug|Any CPU.Build.0 = Debug|Any CPU
		{CDB1B574-0E3E-4D97-BD17-402EB501CADB}.Release|Any CPU.ActiveCfg = Release|Any CPU
		{CDB1B574-0E3E-4D97-BD17-402EB501CADB}.Release|Any CPU.Build.0 = Release|Any CPU
	EndGlobalSection
	GlobalSection(SolutionProperties) = preSolution
		HideSolutionNode = FALSE
	EndGlobalSection
	GlobalSection(ExtensibilityGlobals) = postSolution
		SolutionGuid = {8DC86F39-61C8-4954-A63A-C4283C7E214C}
	EndGlobalSection
EndGlobal
